<?xml version="1.0" encoding="UTF-8" standalone="yes" ?>
<CodeBlocks_project_file>
	<FileVersion major="1" minor="6" />
	<Project>
		<Option title="udpPlot" />
		<Option pch_mode="2" />
		<Option compiler="gcc" />
		<Build>
			<Target title="Debug">
				<Option output="bin/Debug/udpPlot" prefix_auto="1" extension_auto="1" />
				<Option object_output="obj/Debug/" />
				<Option type="0" />
				<Option compiler="gcc" />
				<Option projectLinkerOptionsRelation="2" />
				<Compiler>
					<Add option="-g" />
					<Add directory="/usr/include/codeblocks/wxContribItems/wxMathPlot" />
				</Compiler>
				<Linker>
					<Add library="libwxmathplot" />
					<Add library="libjsoncpp" />
					<Add directory="/usr/lib/codeblocks/wxContribItems/" />
				</Linker>
			</Target>
			<Target title="Release">
				<Option output="bin/Release/udpPlot" prefix_auto="1" extension_auto="1" />
				<Option object_output="obj/Release/" />
				<Option type="0" />
				<Option compiler="gcc" />
				<Option projectLinkerOptionsRelation="2" />
				<Compiler>
					<Add option="-O2" />
				</Compiler>
				<Linker>
					<Add option="-s" />
					<Add library="libmathplot" />
					<Add library="libjsoncpp" />
				</Linker>
			</Target>
			<Target title="testUdpPlot">
				<Option output="bin/testUdpPlot/testUdpPlot" prefix_auto="1" extension_auto="1" />
				<Option working_dir="bin/testUdpPlot/" />
				<Option object_output="obj/testUdpPlot/" />
				<Option type="1" />
				<Option compiler="gcc" />
				<Compiler>
					<Add option="-O2" />
				</Compiler>
				<Linker>
					<Add option="-s" />
				</Linker>
			</Target>
		</Build>
		<Compiler>
			<Add option="`wx-config --cflags`" />
			<Add option="-Wall" />
		</Compiler>
		<Linker>
			<Add option="`wx-config --libs`" />
		</Linker>
		<Unit filename="ConfigDialog.cpp">
			<Option target="Debug" />
			<Option target="Release" />
		</Unit>
		<Unit filename="ConfigDialog.h">
			<Option target="Debug" />
			<Option target="Release" />
		</Unit>
		<Unit filename="testUdpPlot.cpp">
			<Option target="testUdpPlot" />
		</Unit>
		<Unit filename="udpPlotApp.cpp">
			<Option target="Debug" />
			<Option target="Release" />
		</Unit>
		<Unit filename="udpPlotApp.h">
			<Option target="Debug" />
			<Option target="Release" />
		</Unit>
		<Unit filename="udpPlotMain.cpp">
			<Option target="Debug" />
			<Option target="Release" />
		</Unit>
		<Unit filename="udpPlotMain.h">
			<Option target="Debug" />
			<Option target="Release" />
		</Unit>
		<Unit filename="udpPlotWindow.cpp">
			<Option target="Debug" />
			<Option target="Release" />
		</Unit>
		<Unit filename="udpPlotWindow.h">
			<Option target="Debug" />
			<Option target="Release" />
		</Unit>
		<Unit filename="wxsmith/ConfigDialog.wxs">
			<Option target="Debug" />
			<Option target="Release" />
		</Unit>
		<Unit filename="wxsmith/udpPlotframe.wxs">
			<Option target="Debug" />
			<Option target="Release" />
		</Unit>
		<Extensions>
			<code_completion />
			<envvars />
			<debugger />
			<wxsmith version="1">
				<gui name="wxWidgets" src="udpPlotApp.cpp" main="udpPlotFrame" init_handlers="necessary" language="CPP" />
				<resources>
					<wxFrame wxs="wxsmith/udpPlotframe.wxs" src="udpPlotMain.cpp" hdr="udpPlotMain.h" fwddecl="0" i18n="1" name="udpPlotFrame" language="CPP" />
					<wxDialog wxs="wxsmith/ConfigDialog.wxs" src="ConfigDialog.cpp" hdr="ConfigDialog.h" fwddecl="0" i18n="1" name="ConfigDialog" language="CPP" />
				</resources>
			</wxsmith>
			<lib_finder disable_auto="1">
				<lib name="cb_wxmathplot" />
			</lib_finder>
		</Extensions>
	</Project>
</CodeBlocks_project_file>
